github.com/BurntSushi/toml v0.3.1/go.mod h1:xHWCNGjB5oqiDr8zfno3MHue2Ht5sIBksp03qcyfWMU=
github.com/BurntSushi/toml v1.3.2 h1:o7IhLm0Msx3BaB+n3Ag7L8EVlByGnpq14C4YWiu/gL8=
github.com/BurntSushi/toml v1.3.2/go.mod h1:CxXYINrC8qIiEnFrOxCa7Jy5BFHlXnUU2pbicEuybxQ=
github.com/bsm/ginkgo/v2 v2.12.0 h1:Ny8MWAHyOepLGlLKYmXG4IEkioBysk6GpaRTLC8zwWs=
github.com/bsm/gomega v1.27.10 h1:yeMWxP2pV2fG3FgAODIY8EiRE3dy0aeFYt4l7wh6yKA=
github.com/cespare/xxhash/v2 v2.2.0 h1:DC2CZ1Ep5Y4k3ZQ899DldepgrayRUGE6BBZ/cd9Cj44=
github.com/cespare/xxhash/v2 v2.2.0/go.mod h1:VGX0DQ3Q6kWi7AoAeZDth3/j3BFtOZR5XLFGgcrjCOs=
github.com/clbanning/mxj v1.8.5-0.20200714211355-ff02cfb8ea28 h1:LdXxtjzvZYhhUaonAaAKArG3pyC67kGL3YY+6hGG8G4=
github.com/clbanning/mxj v1.8.5-0.20200714211355-ff02cfb8ea28/go.mod h1:BVjHeAH+rl9rs6f+QIpeRl0tfu10SXn1pUSa5PVGJng=
github.com/clbanning/mxj/v2 v2.7.0 h1:WA/La7UGCanFe5NpHF0Q3DNtnCsVoxbPKuyBNHWRyME=
github.com/clbanning/mxj/v2 v2.7.0/go.mod h1:hNiWqW14h+kc+MdF9C6/YoRfjEJoR3ou6tn/Qo+ve2s=
github.com/cool-team-official/cool-admin-go/contrib/drivers/mysql v1.5.3 h1:vkLIz59OvrnB54ka/HySHoYVWMgtGpJyy3y8jji5haE=
github.com/cool-team-official/cool-admin-go/contrib/drivers/mysql v1.5.3/go.mod h1:bCpTMckGN9b5NeXdknlDs/5TPb/+Nr6LV/LyuQ15fkQ=
github.com/cool-team-official/cool-admin-go/contrib/drivers/pgsql v1.5.3 h1:ak50mwky8mTQmp/MThrBEGHIFBQbWge5dosgXEalqEs=
github.com/cool-team-official/cool-admin-go/contrib/drivers/pgsql v1.5.3/go.mod h1:jvdIajSgldX+efU9mbZXjDFWQmEEweRRkXwiUQmMUpU=
github.com/cool-team-official/cool-admin-go/contrib/files/local v1.5.3 h1:iBK7nWjtfV6Fmea1LpMJ4MIoRUWUVBVzMRo3khJjoFs=
github.com/cool-team-official/cool-admin-go/contrib/files/local v1.5.3/go.mod h1:q3blNL3JvSLNqb0HtccNlWUuJlXJhxIQrSOBSdy70tw=
github.com/cool-team-official/cool-admin-go/cool v1.5.3 h1:aqSP99kkP5rGZTPts9dm4HM1QzC3D7wmBsvwEOpskt8=
github.com/cool-team-official/cool-admin-go/cool v1.5.3/go.mod h1:FsQV8EnCVMCKdRquNCBtbuU/Qq6ZF2eiwJmmZSV0SIE=
github.com/cool-team-official/cool-admin-go/modules/base v1.5.3 h1:39kBrM1yjZtS9q4X7tQ45rvRFVn1dhx7NKKAdPjkIus=
github.com/cool-team-official/cool-admin-go/modules/base v1.5.3/go.mod h1:m/WD028FaRPKs0gXMorqNFtByb4fQ02C6uQPoZmhnXw=
github.com/cool-team-official/cool-admin-go/modules/demo v1.5.3 h1:ESLSgyWJNoONIOgAsBWaQaFzjxmnyaLEWukqvOGuwH0=
github.com/cool-team-official/cool-admin-go/modules/demo v1.5.3/go.mod h1:sOUqinRwHbHpOfRmcMBxNTvmIQXmR595ExH/2vPbLpA=
github.com/cool-team-official/cool-admin-go/modules/dict v1.5.3 h1:6OSJIh3AeMMLRqniHfLnQ0VKHF6D+mX4NpCSk9tVvzg=
github.com/cool-team-official/cool-admin-go/modules/dict v1.5.3/go.mod h1:gn4F98hze5sJsvFtP8InziFS+2NPCWwZ1ms3iIRTLgQ=
github.com/cool-team-official/cool-admin-go/modules/space v1.5.3 h1:0QIV4ffxApIeepwGAr1rrPmMVAHhicoIiBqhkM3wnso=
github.com/cool-team-official/cool-admin-go/modules/space v1.5.3/go.mod h1:C/GyIVjFnEIPwrd6f6EgPWFCcVaNiKuMdMNNlmXy//8=
github.com/cool-team-official/cool-admin-go/modules/task v1.5.3 h1:3oy4BqMFaMOC2bksBLY2TjPx2RB5W6nhCCS6+lL2oJQ=
github.com/cool-team-official/cool-admin-go/modules/task v1.5.3/go.mod h1:SXr610catGUO1h8hbv6KQmo3XKu+eCFlr+Bs7leVRLA=
github.com/davecgh/go-spew v1.1.0/go.mod h1:J7Y8YcW2NihsgmVo/mv3lAwl/skON4iLHjSsI+c5H38=
github.com/davecgh/go-spew v1.1.1 h1:vj9j/u1bqnvCEfJOwUhtlOARqs3+rkHYY13jYWTU97c=
github.com/dgryski/go-rendezvous v0.0.0-20200823014737-9f7001d12a5f h1:lO4WD4F/rVNCu3HqELle0jiPLLBs70cWOduZpkS1E78=
github.com/dgryski/go-rendezvous v0.0.0-20200823014737-9f7001d12a5f/go.mod h1:cuUVRXasLTGF7a8hSLbxyZXjz+1KgoB3wDUb6vlszIc=
github.com/fatih/color v1.12.0/go.mod h1:ELkj/draVOlAH/xkhN6mQ50Qd0MPOk5AAr3maGEBuJM=
github.com/fatih/color v1.16.0 h1:zmkK9Ngbjj+K0yRhTVONQh1p/HknKYSlNT+vZCzyokM=
github.com/fatih/color v1.16.0/go.mod h1:fL2Sau1YI5c0pdGEVCbKQbLXB6edEj1ZgiY4NijnWvE=
github.com/fsnotify/fsnotify v1.4.9/go.mod h1:znqG4EE+3YCdAaPaxE2ZRY/06pZUdp0tY4IgpuI1SZQ=
github.com/fsnotify/fsnotify v1.7.0 h1:8JEhPFa5W2WU7YfeZzPNqzMP6Lwt7L2715Ggo0nosvA=
github.com/fsnotify/fsnotify v1.7.0/go.mod h1:40Bi/Hjc2AVfZrqy+aj+yEI+/bRxZnMJyTJwOpGvigM=
github.com/go-logr/logr v1.2.2/go.mod h1:jdQByPbusPIv2/zmleS9BjJVeZ6kBagPoEUsqbVz/1A=
github.com/go-logr/logr v1.3.0 h1:2y3SDp0ZXuc6/cjLSZ+Q3ir+QB9T/iG5yYRXqsagWSY=
github.com/go-logr/logr v1.3.0/go.mod h1:9T104GzyrTigFIr8wt5mBrctHMim0Nb2HLGrmQ40KvY=
github.com/go-logr/stdr v1.2.2 h1:hSWxHoqTgW2S2qGc0LTAI563KZ5YKYRhT3MFKZMbjag=
github.com/go-logr/stdr v1.2.2/go.mod h1:mMo/vtBO5dYbehREoey6XUKy/eSumjCCveDpRre4VKE=
github.com/go-sql-driver/mysql v1.6.0/go.mod h1:DCzpHaOWr8IXmIStZouvnhqoel9Qv2LBy8hT2VhHyBg=
github.com/go-sql-driver/mysql v1.7.0/go.mod h1:OXbVy3sEdcQ2Doequ6Z5BW6fXNQTmx+9S1MCJN5yJMI=
github.com/go-sql-driver/mysql v1.7.1 h1:lUIinVbN1DY0xBg0eMOzmmtGoHwWBbvnWubQUrtU8EI=
github.com/go-sql-driver/mysql v1.7.1/go.mod h1:OXbVy3sEdcQ2Doequ6Z5BW6fXNQTmx+9S1MCJN5yJMI=
github.com/gogf/gf v1.16.9 h1:Q803UmmRo59+Ws08sMVFOcd8oNpkSWL9vS33hlo/Cyk=
github.com/gogf/gf v1.16.9/go.mod h1:8Q/kw05nlVRp+4vv7XASBsMe9L1tsVKiGoeP2AHnlkk=
github.com/gogf/gf/contrib/drivers/mysql/v2 v2.5.7 h1:S6r4QJSoqmOv/Vqhu/gHt4if4dHrNyaQIUbjWc4W7sg=
github.com/gogf/gf/contrib/drivers/mysql/v2 v2.5.7/go.mod h1:1/X4iVHxtSHjOMGYvnmFMTdk5zLLhQ6PEkslKTBcTSI=
github.com/gogf/gf/contrib/drivers/pgsql/v2 v2.5.7 h1:+9elfWXqas3xfemrbJUQZArw0zDbU9kUiHnRaW+6ZwA=
github.com/gogf/gf/contrib/drivers/pgsql/v2 v2.5.7/go.mod h1:xrmTWeAVOpWApyzo0OXM+WsU6h/HM0iiydn2YjRomMk=
github.com/gogf/gf/contrib/nosql/redis/v2 v2.5.7 h1:HgOudyYp8F6iVC6YgbqKhPMKgxQJj4MO8VBdJEMPTpk=
github.com/gogf/gf/contrib/nosql/redis/v2 v2.5.7/go.mod h1:jiRz86SerTb+z4KD4LtxgVw3IEcsWRBnL40FvIAg/sY=
github.com/gogf/gf/v2 v2.5.7 h1:h+JSoD6z3d2q0uGszvtahrSm4DiM2ECyNjyTwKIo8wE=
github.com/gogf/gf/v2 v2.5.7/go.mod h1:x2XONYcI4hRQ/4gMNbWHmZrNzSEIg20s2NULbzom5k0=
github.com/golang-jwt/jwt/v4 v4.5.0 h1:7cYmW1XlMY7h7ii7UhUyChSgS5wUJEnm9uZVTGqOWzg=
github.com/golang-jwt/jwt/v4 v4.5.0/go.mod h1:m21LjoU+eqJr34lmDMbreY2eSTRJ1cv77w39/MY0Ch0=
github.com/gomodule/redigo v1.8.5 h1:nRAxCa+SVsyjSBrtZmG/cqb6VbTmuRzpg/PoTFlpumc=
github.com/gomodule/redigo v1.8.5/go.mod h1:P9dn9mFrCBvWhGE1wpxx6fgq7BAeLBk+UUUzlpkBYO0=
github.com/google/go-cmp v0.5.6/go.mod h1:v8dTdLbMG2kIc/vJvl+f65V22dbkXbowE6jgT/gNBxE=
github.com/google/go-cmp v0.6.0 h1:ofyhxvXcZhMsU5ulbFiLKl/XBFqE1GSq7atu8tAmTRI=
github.com/gorilla/websocket v1.4.2/go.mod h1:YR8l580nyteQvAITg2hZ9XVh4b55+EU/adAjf1fMHhE=
github.com/gorilla/websocket v1.5.1 h1:gmztn0JnHVt9JZquRuzLw3g4wouNVzKL15iLr/zn/QY=
github.com/gorilla/websocket v1.5.1/go.mod h1:x3kM2JMyaluk02fnUJpQuwD2dCS5NDG2ZHL0uE0tcaY=
github.com/grokify/html-strip-tags-go v0.0.1/go.mod h1:2Su6romC5/1VXOQMaWL2yb618ARB8iVo6/DR99A6d78=
github.com/grokify/html-strip-tags-go v0.1.0 h1:03UrQLjAny8xci+R+qjCce/MYnpNXCtgzltlQbOBae4=
github.com/grokify/html-strip-tags-go v0.1.0/go.mod h1:ZdzgfHEzAfz9X6Xe5eBLVblWIxXfYSQ40S/VKrAOGpc=
github.com/jackc/pgpassfile v1.0.0 h1:/6Hmqy13Ss2zCq62VdNG8tM1wchn8zjSGOBJ6icpsIM=
github.com/jackc/pgpassfile v1.0.0/go.mod h1:CEx0iS5ambNFdcRtxPj5JhEz+xB6uRky5eyVu/W2HEg=
github.com/jackc/pgservicefile v0.0.0-20231201235250-de7065d80cb9 h1:L0QtFUgDarD7Fpv9jeVMgy/+Ec0mtnmYuImjTz6dtDA=
github.com/jackc/pgservicefile v0.0.0-20231201235250-de7065d80cb9/go.mod h1:5TJZWKEWniPve33vlWYSoGYefn3gLQRzjfDlhSJ9ZKM=
github.com/jackc/pgx/v5 v5.5.1 h1:5I9etrGkLrN+2XPCsi6XLlV5DITbSL/xBZdmAxFcXPI=
github.com/jackc/pgx/v5 v5.5.1/go.mod h1:Ig06C2Vu0t5qXC60W8sqIthScaEnFvojjj9dSljmHRA=
github.com/jackc/puddle/v2 v2.2.1 h1:RhxXJtFG022u4ibrCSMSiu5aOq1i77R3OHKNJj77OAk=
github.com/jackc/puddle/v2 v2.2.1/go.mod h1:vriiEXHvEE654aYKXXjOvZM39qJ0q+azkZFrfEOc3H4=
github.com/jinzhu/inflection v1.0.0 h1:K317FqzuhWc8YvSVlFMCCUb36O/S9MCKRDI7QkRKD/E=
github.com/jinzhu/inflection v1.0.0/go.mod h1:h+uFLlag+Qp1Va5pdKtLDYj+kHp5pxUVkryuEj+Srlc=
github.com/jinzhu/now v1.1.5 h1:/o9tlHleP7gOFmsnYNz3RGnqzefHA47wQpKrrdTIwXQ=
github.com/jinzhu/now v1.1.5/go.mod h1:d3SSVoowX0Lcu0IBviAWJpolVfI5UJVZZ7cO71lE/z8=
github.com/kr/pretty v0.3.0 h1:WgNl7dwNpEZ6jJ9k1snq4pZsg7DOEN8hP9Xw0Tsjwk0=
github.com/kr/text v0.2.0 h1:5Nx0Ya0ZqY2ygV366QzturHI13Jq95ApcVaJBhpS+AY=
github.com/lib/pq v1.10.9 h1:YXG7RB+JIjhP29X+OtkiDnYaXQwpS4JEWq7dtCCRUEw=
github.com/lib/pq v1.10.9/go.mod h1:AlVN5x4E4T544tWzH6hKfbfQvm3HdbOxrmggDNAPY9o=
github.com/magiconair/properties v1.8.7 h1:IeQXZAiQcpL9mgcAe1Nu6cX9LLw6ExEHKjN0VQdvPDY=
github.com/magiconair/properties v1.8.7/go.mod h1:Dhd985XPs7jluiymwWYZ0G4Z61jb3vdS329zhj2hYo0=
github.com/mattn/go-colorable v0.1.8/go.mod h1:u6P/XSegPjTcexA+o6vUJrdnUu04hMope9wVRipJSqc=
github.com/mattn/go-colorable v0.1.13 h1:fFA4WZxdEF4tXPZVKMLwD8oUnCTTo08duU7wxecdEvA=
github.com/mattn/go-colorable v0.1.13/go.mod h1:7S9/ev0klgBDR4GtXTXX8a3vIGJpMovkB8vQcUbaXHg=
github.com/mattn/go-isatty v0.0.12/go.mod h1:cbi8OIDigv2wuxKPP5vlRcQ1OAZbq2CE4Kysco4FUpU=
github.com/mattn/go-isatty v0.0.16/go.mod h1:kYGgaQfpe5nmfYZH+SKPsOc2e4SrIfOl2e/yFXSvRLM=
github.com/mattn/go-isatty v0.0.20 h1:xfD0iDuEKnDkl03q4limB+vH+GxLEtL/jb4xVJSWWEY=
github.com/mattn/go-isatty v0.0.20/go.mod h1:W+V8PltTTMOvKvAeJH7IuucS94S2C6jfK/D7dTCTo3Y=
github.com/mattn/go-runewidth v0.0.9/go.mod h1:H031xJmbD/WCDINGzjvQ9THkh0rPKHF+m2gUSrubnMI=
github.com/mattn/go-runewidth v0.0.15 h1:UNAjwbU9l54TA3KzvqLGxwWjHmMgBUVhBiTjelZgg3U=
github.com/mattn/go-runewidth v0.0.15/go.mod h1:Jdepj2loyihRzMpdS35Xk/zdY8IAYHsh153qUoGf23w=
github.com/olekukonko/tablewriter v0.0.5 h1:P2Ga83D34wi1o9J6Wh1mRuqd4mF/x/lgBS7N7AbDhec=
github.com/olekukonko/tablewriter v0.0.5/go.mod h1:hPp6KlRPjbx+hW8ykQs1w3UBbZlj6HuIJcUGPhkA7kY=
github.com/pmezard/go-difflib v1.0.0 h1:4DBwDE0NGyQoBHbLQYPwSUPoCMWR5BEzIk/f1lZbAQM=
github.com/pmezard/go-difflib v1.0.0/go.mod h1:iKH77koFhYxTK1pcRnkKkqfTogsbg7gZNVY4sRDYZ/4=
github.com/redis/go-redis/v9 v9.3.0 h1:RiVDjmig62jIWp7Kk4XVLs0hzV6pI3PyTnnL0cnn0u0=
github.com/redis/go-redis/v9 v9.3.0/go.mod h1:hdY0cQFCN4fnSYT6TkisLufl/4W5UIXyv0b/CLO2V2M=
github.com/rivo/uniseg v0.2.0/go.mod h1:J6wj4VEh+S6ZtnVlnTBMWIodfgj8LQOQFoIToxlJtxc=
github.com/rivo/uniseg v0.4.4 h1:8TfxU8dW6PdqD27gjM8MVNuicgxIjxpm4K7x4jp8sis=
github.com/rivo/uniseg v0.4.4/go.mod h1:FN3SvrM+Zdj16jyLfmOkMNblXMcoc8DfTHruCPUcx88=
github.com/robfig/cron v1.2.0 h1:ZjScXvvxeQ63Dbyxy76Fj3AT3Ut0aKsyd2/tl3DTMuQ=
github.com/robfig/cron v1.2.0/go.mod h1:JGuDeoQd7Z6yL4zQhZ3OPEVHB7fL6Ka6skscFHfmt2k=
github.com/rogpeppe/go-internal v1.6.1 h1:/FiVV8dS/e+YqF2JvO3yXRFbBLTIuSDkuC7aBOAvL+k=
github.com/stretchr/objx v0.1.0/go.mod h1:HFkY916IF+rwdDfMAkV7OtwuqBVzrE8GR6GFx+wExME=
github.com/stretchr/testify v1.3.0/go.mod h1:M5WIy9Dh21IEIfnGCwXGc5bZfKNJtfHm1UVUgZn+9EI=
github.com/stretchr/testify v1.5.1/go.mod h1:5W2xD1RspED5o8YsWQXVCued0rvSQ+mT+I5cxcmMvtA=
github.com/stretchr/testify v1.7.0/go.mod h1:6Fq8oRcR53rry900zMqJjRRixrwX3KX962/h/Wwjteg=
github.com/stretchr/testify v1.8.4 h1:CcVxjf3Q8PM0mHUKJCdn+eZZtm5yQwehR5yeSVQQcUk=
go.opentelemetry.io/otel v1.0.0/go.mod h1:AjRVh9A5/5DE7S+mZtTR6t8vpKKryam+0lREnfmS4cg=
go.opentelemetry.io/otel v1.21.0 h1:hzLeKBZEL7Okw2mGzZ0cc4k/A7Fta0uoPgaJCr8fsFc=
go.opentelemetry.io/otel v1.21.0/go.mod h1:QZzNPQPm1zLX4gZK4cMi+71eaorMSGT3A4znnUvNNEo=
go.opentelemetry.io/otel/metric v1.21.0 h1:tlYWfeo+Bocx5kLEloTjbcDwBuELRrIFxwdQ36PlJu4=
go.opentelemetry.io/otel/metric v1.21.0/go.mod h1:o1p3CA8nNHW8j5yuQLdc1eeqEaPfzug24uvsyIEJRWM=
go.opentelemetry.io/otel/sdk v1.21.0 h1:FTt8qirL1EysG6sTQRZ5TokkU8d0ugCj8htOgThZXQ8=
go.opentelemetry.io/otel/sdk v1.21.0/go.mod h1:Nna6Yv7PWTdgJHVRD9hIYywQBRx7pbox6nwBnZIxl/E=
go.opentelemetry.io/otel/trace v1.0.0/go.mod h1:PXTWqayeFUlJV1YDNhsJYB184+IvAH814St6o6ajzIs=
go.opentelemetry.io/otel/trace v1.21.0 h1:WD9i5gzvoUPuXIXH24ZNBudiarZDKuekPqi/E8fpfLc=
go.opentelemetry.io/otel/trace v1.21.0/go.mod h1:LGbsEB0f9LGjN+OZaQQ26sohbOmiMR+BaslueVtS/qQ=
golang.org/x/crypto v0.16.0 h1:mMMrFzRSCF0GvB7Ne27XVtVAaXLrPmgPC7/v0tkwHaY=
golang.org/x/crypto v0.16.0/go.mod h1:gCAAfMLgwOJRpTjQ2zCCt2OcSfYMTeZVSRtQlPC7Nq4=
golang.org/x/net v0.0.0-20210520170846-37e1c6afe023/go.mod h1:9nx3DQGgdP8bBQD5qxJ1jj9UTztislL4KSBs9R2vV5Y=
golang.org/x/net v0.19.0 h1:zTwKpTd2XuCqf8huc7Fo2iSy+4RHPd10s4KzeTnVr1c=
golang.org/x/net v0.19.0/go.mod h1:CfAk/cbD4CthTvqiEl8NpboMuiuOYsAr/7NOjZJtv1U=
golang.org/x/sync v0.5.0 h1:60k92dhOjHxJkrqnwsfl8KuaHbn/5dl0lUPUklKo3qE=
golang.org/x/sync v0.5.0/go.mod h1:Czt+wKu1gCyEFDUtn0jG5QVvpJ6rzVqr5aXyt9drQfk=
golang.org/x/sys v0.0.0-20191005200804-aed5e4c7ecf9/go.mod h1:h1NjWce9XRLGQEsW7wpKNCjG9DtNlClVuFLEZdDNbEs=
golang.org/x/sys v0.0.0-20200116001909-b77594299b42/go.mod h1:h1NjWce9XRLGQEsW7wpKNCjG9DtNlClVuFLEZdDNbEs=
golang.org/x/sys v0.0.0-20200223170610-d5e6a3e2c0ae/go.mod h1:h1NjWce9XRLGQEsW7wpKNCjG9DtNlClVuFLEZdDNbEs=
golang.org/x/sys v0.0.0-20201119102817-f84b799fce68/go.mod h1:h1NjWce9XRLGQEsW7wpKNCjG9DtNlClVuFLEZdDNbEs=
golang.org/x/sys v0.0.0-20210423082822-04245dca01da/go.mod h1:h1NjWce9XRLGQEsW7wpKNCjG9DtNlClVuFLEZdDNbEs=
golang.org/x/sys v0.0.0-20220811171246-fbc7d0a398ab/go.mod h1:oPkhp1MJrh7nUepCBck5+mAzfO9JrbApNNgaTdGDITg=
golang.org/x/sys v0.6.0/go.mod h1:oPkhp1MJrh7nUepCBck5+mAzfO9JrbApNNgaTdGDITg=
golang.org/x/sys v0.15.0 h1:h48lPFYpsTvQJZF4EKyI4aLHaev3CxivZmv7yZig9pc=
golang.org/x/sys v0.15.0/go.mod h1:/VUhepiaJMQUp4+oa/7Zr1D23ma6VTLIYjOOTFZPUcA=
golang.org/x/term v0.0.0-20201126162022-7de9c90e9dd1/go.mod h1:bj7SfCRtBDWHUb9snDiAeCFNEtKQo2Wmx5Cou7ajbmo=
golang.org/x/text v0.3.6/go.mod h1:5Zoc/QRtKVWzQhOtBMvqHzDpF6irO9z98xDceosuGiQ=
golang.org/x/text v0.14.0 h1:ScX5w1eTa3QqT8oi6+ziP7dTV1S2+ALU0bI+0zXKWiQ=
golang.org/x/text v0.14.0/go.mod h1:18ZOQIKpY8NJVqYksKHtTdi31H5itFRjB5/qKTNYzSU=
golang.org/x/tools v0.0.0-20180917221912-90fa682c2a6e/go.mod h1:n7NCudcB/nEzxVGmLbDWY5pfWTLqBcC2KZ6jyYvM4mQ=
golang.org/x/xerrors v0.0.0-20191204190536-9bdfabe68543/go.mod h1:I/5z698sn9Ka8TeJc9MKroUUfqBBauWjQqLJ2OPfmY0=
gopkg.in/check.v1 v0.0.0-20161208181325-20d25e280405/go.mod h1:Co6ibVJAznAaIkqp8huTwlJQCZ016jof/cbN4VW5Yz0=
gopkg.in/check.v1 v1.0.0-20201130134442-10cb98267c6c h1:Hei/4ADfdWqJk1ZMxUNpqntNwaWcugrBjAiHlqqRiVk=
gopkg.in/yaml.v2 v2.2.2/go.mod h1:hI93XBmqTisBFMUTm0b8Fm+jr3Dg1NNxqwp+5A1VGuI=
gopkg.in/yaml.v3 v3.0.0-20200313102051-9f266ea9e77c/go.mod h1:K4uyk7z7BCEPqu6E+C64Yfv1cQ7kz7rIZviUmN+EgEM=
gopkg.in/yaml.v3 v3.0.0-20210107192922-496545a6307b/go.mod h1:K4uyk7z7BCEPqu6E+C64Yfv1cQ7kz7rIZviUmN+EgEM=
gopkg.in/yaml.v3 v3.0.1 h1:fxVm/GzAzEWqLHuvctI91KS9hhNmmWOoWu0XTYJS7CA=
gopkg.in/yaml.v3 v3.0.1/go.mod h1:K4uyk7z7BCEPqu6E+C64Yfv1cQ7kz7rIZviUmN+EgEM=
gorm.io/driver/mysql v1.5.2 h1:QC2HRskSE75wBuOxe0+iCkyJZ+RqpudsQtqkp+IMuXs=
gorm.io/driver/mysql v1.5.2/go.mod h1:pQLhh1Ut/WUAySdTHwBpBv6+JKcj+ua4ZFx1QQTBzb8=
gorm.io/driver/postgres v1.5.4 h1:Iyrp9Meh3GmbSuyIAGyjkN+n9K+GHX9b9MqsTL4EJCo=
gorm.io/driver/postgres v1.5.4/go.mod h1:Bgo89+h0CRcdA33Y6frlaHHVuTdOf87pmyzwW9C/BH0=
gorm.io/gorm v1.25.2-0.20230530020048-26663ab9bf55/go.mod h1:L4uxeKpfBml98NYqVqwAdmV1a2nBtAec/cf3fpucW/k=
gorm.io/gorm v1.25.5 h1:zR9lOiiYf09VNh5Q1gphfyia1JpiClIWG9hQaxB/mls=
gorm.io/gorm v1.25.5/go.mod h1:hbnx/Oo0ChWMn1BIhpy1oYozzpM15i4YPuHDmfYtwg8=
