github.com/go-sql-driver/mysql v1.6.0 h1:BCTh4TKNUYmOmMUcQ3IipzF5prigylS7XXjEkfCHuOE=
github.com/jinzhu/inflection v1.0.0 h1:K317FqzuhWc8YvSVlFMCCUb36O/S9MCKRDI7QkRKD/E=
github.com/jinzhu/now v1.1.5 h1:/o9tlHleP7gOFmsnYNz3RGnqzefHA47wQpKrrdTIwXQ=
gorm.io/driver/mysql v1.3.6 h1:BhX1Y/RyALb+T9bZ3t07wLnPZBukt+IRkMn8UZSNbGM=
gorm.io/gorm v1.23.9 h1:NSHG021i+MCznokeXR3udGaNyFyBQJW8MbjrJMVCfGw=
